// !$*UTF8*$!
{
	archiveVersion = 1;
	classes = {
	};
	objectVersion = 55;
	objects = {

/* Begin PBXBuildFile section */
		66695B8B27A98276003F90AE /* AppDelegate.m in Sources */ = {isa = PBXBuildFile; fileRef = 66695B8A27A98276003F90AE /* AppDelegate.m */; };
		66695B8E27A98276003F90AE /* SceneDelegate.m in Sources */ = {isa = PBXBuildFile; fileRef = 66695B8D27A98276003F90AE /* SceneDelegate.m */; };
		66695B9127A98276003F90AE /* ViewController.m in Sources */ = {isa = PBXBuildFile; fileRef = 66695B9027A98276003F90AE /* ViewController.m */; };
		66695B9427A98276003F90AE /* Main.storyboard in Resources */ = {isa = PBXBuildFile; fileRef = 66695B9227A98276003F90AE /* Main.storyboard */; };
		66695B9627A98278003F90AE /* Assets.xcassets in Resources */ = {isa = PBXBuildFile; fileRef = 66695B9527A98278003F90AE /* Assets.xcassets */; };
		66695B9927A98278003F90AE /* LaunchScreen.storyboard in Resources */ = {isa = PBXBuildFile; fileRef = 66695B9727A98278003F90AE /* LaunchScreen.storyboard */; };
		66695B9C27A98278003F90AE /* main.m in Sources */ = {isa = PBXBuildFile; fileRef = 66695B9B27A98278003F90AE /* main.m */; };
		66695BA427A98A7D003F90AE /* SimleShapeView.m in Sources */ = {isa = PBXBuildFile; fileRef = 66695BA327A98A7C003F90AE /* SimleShapeView.m */; };
/* End PBXBuildFile section */

/* Begin PBXFileReference section */
		66695B8627A98276003F90AE /* SimpleShape.app */ = {isa = PBXFileReference; explicitFileType = wrapper.application; includeInIndex = 0; path = SimpleShape.app; sourceTree = BUILT_PRODUCTS_DIR; };
		66695B8927A98276003F90AE /* AppDelegate.h */ = {isa = PBXFileReference; lastKnownFileType = sourcecode.c.h; path = AppDelegate.h; sourceTree = "<group>"; };
		66695B8A27A98276003F90AE /* AppDelegate.m */ = {isa = PBXFileReference; lastKnownFileType = sourcecode.c.objc; path = AppDelegate.m; sourceTree = "<group>"; };
		66695B8C27A98276003F90AE /* SceneDelegate.h */ = {isa = PBXFileReference; lastKnownFileType = sourcecode.c.h; path = SceneDelegate.h; sourceTree = "<group>"; };
		66695B8D27A98276003F90AE /* SceneDelegate.m */ = {isa = PBXFileReference; lastKnownFileType = sourcecode.c.objc; path = SceneDelegate.m; sourceTree = "<group>"; };
		66695B8F27A98276003F90AE /* ViewController.h */ = {isa = PBXFileReference; lastKnownFileType = sourcecode.c.h; path = ViewController.h; sourceTree = "<group>"; };
		66695B9027A98276003F90AE /* ViewController.m */ = {isa = PBXFileReference; lastKnownFileType = sourcecode.c.objc; path = ViewController.m; sourceTree = "<group>"; };
		66695B9327A98276003F90AE /* Base */ = {isa = PBXFileReference; lastKnownFileType = file.storyboard; name = Base; path = Base.lproj/Main.storyboard; sourceTree = "<group>"; };
		66695B9527A98278003F90AE /* Assets.xcassets */ = {isa = PBXFileReference; lastKnownFileType = folder.assetcatalog; path = Assets.xcassets; sourceTree = "<group>"; };
		66695B9827A98278003F90AE /* Base */ = {isa = PBXFileReference; lastKnownFileType = file.storyboard; name = Base; path = Base.lproj/LaunchScreen.storyboard; sourceTree = "<group>"; };
		66695B9A27A98278003F90AE /* Info.plist */ = {isa = PBXFileReference; lastKnownFileType = text.plist.xml; path = Info.plist; sourceTree = "<group>"; };
		66695B9B27A98278003F90AE /* main.m */ = {isa = PBXFileReference; lastKnownFileType = sourcecode.c.objc; path = main.m; sourceTree = "<group>"; };
		66695BA227A98A7C003F90AE /* SimleShapeView.h */ = {isa = PBXFileReference; lastKnownFileType = sourcecode.c.h; path = SimleShapeView.h; sourceTree = "<group>"; };
		66695BA327A98A7C003F90AE /* SimleShapeView.m */ = {isa = PBXFileReference; lastKnownFileType = sourcecode.c.objc; path = SimleShapeView.m; sourceTree = "<group>"; };
/* End PBXFileReference section */

/* Begin PBXFrameworksBuildPhase section */
		66695B8327A98276003F90AE /* Frameworks */ = {
			isa = PBXFrameworksBuildPhase;
			buildActionMask = 2147483647;
			files = (
			);
			runOnlyForDeploymentPostprocessing = 0;
		};
/* End PBXFrameworksBuildPhase section */

/* Begin PBXGroup section */
		66695B7D27A98275003F90AE = {
			isa = PBXGroup;
			children = (
				66695B8827A98276003F90AE /* SimpleShape */,
				66695B8727A98276003F90AE /* Products */,
			);
			sourceTree = "<group>";
		};
		66695B8727A98276003F90AE /* Products */ = {
			isa = PBXGroup;
			children = (
				66695B8627A98276003F90AE /* SimpleShape.app */,
			);
			name = Products;
			sourceTree = "<group>";
		};
		66695B8827A98276003F90AE /* SimpleShape */ = {
			isa = PBXGroup;
			children = (
				66695B8927A98276003F90AE /* AppDelegate.h */,
				66695B8A27A98276003F90AE /* AppDelegate.m */,
				66695B8C27A98276003F90AE /* SceneDelegate.h */,
				66695B8D27A98276003F90AE /* SceneDelegate.m */,
				66695B8F27A98276003F90AE /* ViewController.h */,
				66695B9027A98276003F90AE /* ViewController.m */,
				66695BA227A98A7C003F90AE /* SimleShapeView.h */,
				66695BA327A98A7C003F90AE /* SimleShapeView.m */,
				66695B9227A98276003F90AE /* Main.storyboard */,
				66695B9527A98278003F90AE /* Assets.xcassets */,
				66695B9727A98278003F90AE /* LaunchScreen.storyboard */,
				66695B9A27A98278003F90AE /* Info.plist */,
				66695B9B27A98278003F90AE /* main.m */,
			);
			path = SimpleShape;
			sourceTree = "<group>";
		};
/* End PBXGroup section */

/* Begin PBXNativeTarget section */
		66695B8527A98276003F90AE /* SimpleShape */ = {
			isa = PBXNativeTarget;
			buildConfigurationList = 66695B9F27A98278003F90AE /* Build configuration list for PBXNativeTarget "SimpleShape" */;
			buildPhases = (
				66695B8227A98276003F90AE /* Sources */,
				66695B8327A98276003F90AE /* Frameworks */,
				66695B8427A98276003F90AE /* Resources */,
			);
			buildRules = (
			);
			dependencies = (
			);
			name = SimpleShape;
			productName = SimpleShape;
			productReference = 66695B8627A98276003F90AE /* SimpleShape.app */;
			productType = "com.apple.product-type.application";
		};
/* End PBXNativeTarget section */

/* Begin PBXProject section */
		66695B7E27A98275003F90AE /* Project object */ = {
			isa = PBXProject;
			attributes = {
				BuildIndependentTargetsInParallel = 1;
				LastUpgradeCheck = 1320;
				ORGANIZATIONNAME = "Paul Godavari";
				TargetAttributes = {
					66695B8527A98276003F90AE = {
						CreatedOnToolsVersion = 13.2.1;
					};
				};
			};
			buildConfigurationList = 66695B8127A98275003F90AE /* Build configuration list for PBXProject "SimpleShape" */;
			compatibilityVersion = "Xcode 13.0";
			developmentRegion = en;
			hasScannedForEncodings = 0;
			knownRegions = (
				en,
				Base,
			);
			mainGroup = 66695B7D27A98275003F90AE;
			productRefGroup = 66695B8727A98276003F90AE /* Products */;
			projectDirPath = "";
			projectRoot = "";
			targets = (
				66695B8527A98276003F90AE /* SimpleShape */,
			);
		};
/* End PBXProject section */

/* Begin PBXResourcesBuildPhase section */
		66695B8427A98276003F90AE /* Resources */ = {
			isa = PBXResourcesBuildPhase;
			buildActionMask = 2147483647;
			files = (
				66695B9927A98278003F90AE /* LaunchScreen.storyboard in Resources */,
				66695B9627A98278003F90AE /* Assets.xcassets in Resources */,
				66695B9427A98276003F90AE /* Main.storyboard in Resources */,
			);
			runOnlyForDeploymentPostprocessing = 0;
		};
/* End PBXResourcesBuildPhase section */

/* Begin PBXSourcesBuildPhase section */
		66695B8227A98276003F90AE /* Sources */ = {
			isa = PBXSourcesBuildPhase;
			buildActionMask = 2147483647;
			files = (
				66695B9127A98276003F90AE /* ViewController.m in Sources */,
				66695B8B27A98276003F90AE /* AppDelegate.m in Sources */,
				66695B9C27A98278003F90AE /* main.m in Sources */,
				66695B8E27A98276003F90AE /* SceneDelegate.m in Sources */,
				66695BA427A98A7D003F90AE /* SimleShapeView.m in Sources */,
			);
			runOnlyForDeploymentPostprocessing = 0;
		};
/* End PBXSourcesBuildPhase section */

/* Begin PBXVariantGroup section */
		66695B9227A98276003F90AE /* Main.storyboard */ = {
			isa = PBXVariantGroup;
			children = (
				66695B9327A98276003F90AE /* Base */,
			);
			name = Main.storyboard;
			sourceTree = "<group>";
		};
		66695B9727A98278003F90AE /* LaunchScreen.storyboard */ = {
			isa = PBXVariantGroup;
			children = (
				66695B9827A98278003F90AE /* Base */,
			);
			name = LaunchScreen.storyboard;
			sourceTree = "<group>";
		};
/* End PBXVariantGroup section */

/* Begin XCBuildConfiguration section */
		66695B9D27A98278003F90AE /* Debug */ = {
			isa = XCBuildConfiguration;
			buildSettings = {
				ALWAYS_SEARCH_USER_PATHS = NO;
				CLANG_ANALYZER_NONNULL = YES;
				CLANG_ANALYZER_NUMBER_OBJECT_CONVERSION = YES_AGGRESSIVE;
				CLANG_CXX_LANGUAGE_STANDARD = "gnu++17";
				CLANG_CXX_LIBRARY = "libc++";
				CLANG_ENABLE_MODULES = YES;
				CLANG_ENABLE_OBJC_ARC = YES;
				CLANG_ENABLE_OBJC_WEAK = YES;
				CLANG_WARN_BLOCK_CAPTURE_AUTORELEASING = YES;
				CLANG_WARN_BOOL_CONVERSION = YES;
				CLANG_WARN_COMMA = YES;
				CLANG_WARN_CONSTANT_CONVERSION = YES;
				CLANG_WARN_DEPRECATED_OBJC_IMPLEMENTATIONS = YES;
				CLANG_WARN_DIRECT_OBJC_ISA_USAGE = YES_ERROR;
				CLANG_WARN_DOCUMENTATION_COMMENTS = YES;
				CLANG_WARN_EMPTY_BODY = YES;
				CLANG_WARN_ENUM_CONVERSION = YES;
				CLANG_WARN_INFINITE_RECURSION = YES;
				CLANG_WARN_INT_CONVERSION = YES;
				CLANG_WARN_NON_LITERAL_NULL_CONVERSION = YES;
				CLANG_WARN_OBJC_IMPLICIT_RETAIN_SELF = YES;
				CLANG_WARN_OBJC_LITERAL_CONVERSION = YES;
				CLANG_WARN_OBJC_ROOT_CLASS = YES_ERROR;
				CLANG_WARN_QUOTED_INCLUDE_IN_FRAMEWORK_HEADER = YES;
				CLANG_WARN_RANGE_LOOP_ANALYSIS = YES;
				CLANG_WARN_STRICT_PROTOTYPES = YES;
				CLANG_WARN_SUSPICIOUS_MOVE = YES;
				CLANG_WARN_UNGUARDED_AVAILABILITY = YES_AGGRESSIVE;
				CLANG_WARN_UNREACHABLE_CODE = YES;
				CLANG_WARN__DUPLICATE_METHOD_MATCH = YES;
				COPY_PHASE_STRIP = NO;
				DEBUG_INFORMATION_FORMAT = dwarf;
				ENABLE_STRICT_OBJC_MSGSEND = YES;
				ENABLE_TESTABILITY = YES;
				GCC_C_LANGUAGE_STANDARD = gnu11;
				GCC_DYNAMIC_NO_PIC = NO;
				GCC_NO_COMMON_BLOCKS = YES;
				GCC_OPTIMIZATION_LEVEL = 0;
				GCC_PREPROCESSOR_DEFINITIONS = (
					"DEBUG=1",
					"$(inherited)",
				);
				GCC_WARN_64_TO_32_BIT_CONVERSION = YES;
				GCC_WARN_ABOUT_RETURN_TYPE = YES_ERROR;
				GCC_WARN_UNDECLARED_SELECTOR = YES;
				GCC_WARN_UNINITIALIZED_AUTOS = YES_AGGRESSIVE;
				GCC_WARN_UNUSED_FUNCTION = YES;
				GCC_WARN_UNUSED_VARIABLE = YES;
				IPHONEOS_DEPLOYMENT_TARGET = 15.2;
				MTL_ENABLE_DEBUG_INFO = INCLUDE_SOURCE;
				MTL_FAST_MATH = YES;
				ONLY_ACTIVE_ARCH = YES;
				SDKROOT = iphoneos;
			};
			name = Debug;
		};
		66695B9E27A98278003F90AE /* Release */ = {
			isa = XCBuildConfiguration;
			buildSettings = {
				ALWAYS_SEARCH_USER_PATHS = NO;
				CLANG_ANALYZER_NONNULL = YES;
				CLANG_ANALYZER_NUMBER_OBJECT_CONVERSION = YES_AGGRESSIVE;
				CLANG_CXX_LANGUAGE_STANDARD = "gnu++17";
				CLANG_CXX_LIBRARY = "libc++";
				CLANG_ENABLE_MODULES = YES;
				CLANG_ENABLE_OBJC_ARC = YES;
				CLANG_ENABLE_OBJC_WEAK = YES;
				CLANG_WARN_BLOCK_CAPTURE_AUTORELEASING = YES;
				CLANG_WARN_BOOL_CONVERSION = YES;
				CLANG_WARN_COMMA = YES;
				CLANG_WARN_CONSTANT_CONVERSION = YES;
				CLANG_WARN_DEPRECATED_OBJC_IMPLEMENTATIONS = YES;
				CLANG_WARN_DIRECT_OBJC_ISA_USAGE = YES_ERROR;
				CLANG_WARN_DOCUMENTATION_COMMENTS = YES;
				CLANG_WARN_EMPTY_BODY = YES;
				CLANG_WARN_ENUM_CONVERSION = YES;
				CLANG_WARN_INFINITE_RECURSION = YES;
				CLANG_WARN_INT_CONVERSION = YES;
				CLANG_WARN_NON_LITERAL_NULL_CONVERSION = YES;
				CLANG_WARN_OBJC_IMPLICIT_RETAIN_SELF = YES;
				CLANG_WARN_OBJC_LITERAL_CONVERSION = YES;
				CLANG_WARN_OBJC_ROOT_CLASS = YES_ERROR;
				CLANG_WARN_QUOTED_INCLUDE_IN_FRAMEWORK_HEADER = YES;
				CLANG_WARN_RANGE_LOOP_ANALYSIS = YES;
				CLANG_WARN_STRICT_PROTOTYPES = YES;
				CLANG_WARN_SUSPICIOUS_MOVE = YES;
				CLANG_WARN_UNGUARDED_AVAILABILITY = YES_AGGRESSIVE;
				CLANG_WARN_UNREACHABLE_CODE = YES;
				CLANG_WARN__DUPLICATE_METHOD_MATCH = YES;
				COPY_PHASE_STRIP = NO;
				DEBUG_INFORMATION_FORMAT = "dwarf-with-dsym";
				ENABLE_NS_ASSERTIONS = NO;
				ENABLE_STRICT_OBJC_MSGSEND = YES;
				GCC_C_LANGUAGE_STANDARD = gnu11;
				GCC_NO_COMMON_BLOCKS = YES;
				GCC_WARN_64_TO_32_BIT_CONVERSION = YES;
				GCC_WARN_ABOUT_RETURN_TYPE = YES_ERROR;
				GCC_WARN_UNDECLARED_SELECTOR = YES;
				GCC_WARN_UNINITIALIZED_AUTOS = YES_AGGRESSIVE;
				GCC_WARN_UNUSED_FUNCTION = YES;
				GCC_WARN_UNUSED_VARIABLE = YES;
				IPHONEOS_DEPLOYMENT_TARGET = 15.2;
				MTL_ENABLE_DEBUG_INFO = NO;
				MTL_FAST_MATH = YES;
				SDKROOT = iphoneos;
				VALIDATE_PRODUCT = YES;
			};
			name = Release;
		};
		66695BA027A98278003F90AE /* Debug */ = {
			isa = XCBuildConfiguration;
			buildSettings = {
				ASSETCATALOG_COMPILER_APPICON_NAME = AppIcon;
				ASSETCATALOG_COMPILER_GLOBAL_ACCENT_COLOR_NAME = AccentColor;
				CODE_SIGN_STYLE = Automatic;
				CURRENT_PROJECT_VERSION = 1;
				DEVELOPMENT_TEAM = B47EZERG93;
				GENERATE_INFOPLIST_FILE = YES;
				INFOPLIST_FILE = SimpleShape/Info.plist;
				INFOPLIST_KEY_UIApplicationSupportsIndirectInputEvents = YES;
				INFOPLIST_KEY_UILaunchStoryboardName = LaunchScreen;
				INFOPLIST_KEY_UIMainStoryboardFile = Main;
				INFOPLIST_KEY_UISupportedInterfaceOrientations_iPad = "UIInterfaceOrientationPortrait UIInterfaceOrientationPortraitUpsideDown UIInterfaceOrientationLandscapeLeft UIInterfaceOrientationLandscapeRight";
				INFOPLIST_KEY_UISupportedInterfaceOrientations_iPhone = "UIInterfaceOrientationPortrait UIInterfaceOrientationLandscapeLeft UIInterfaceOrientationLandscapeRight";
				LD_RUNPATH_SEARCH_PATHS = (
					"$(inherited)",
					"@executable_path/Frameworks",
				);
				MARKETING_VERSION = 1.0;
				PRODUCT_BUNDLE_IDENTIFIER = com.route42north.SimpleShape;
				PRODUCT_NAME = "$(TARGET_NAME)";
				SWIFT_EMIT_LOC_STRINGS = YES;
				TARGETED_DEVICE_FAMILY = "1,2";
			};
			name = Debug;
		};
		66695BA127A98278003F90AE /* Release */ = {
			isa = XCBuildConfiguration;
			buildSettings = {
				ASSETCATALOG_COMPILER_APPICON_NAME = AppIcon;
				ASSETCATALOG_COMPILER_GLOBAL_ACCENT_COLOR_NAME = AccentColor;
				CODE_SIGN_STYLE = Automatic;
				CURRENT_PROJECT_VERSION = 1;
				DEVELOPMENT_TEAM = B47EZERG93;
				GENERATE_INFOPLIST_FILE = YES;
				INFOPLIST_FILE = SimpleShape/Info.plist;
				INFOPLIST_KEY_UIApplicationSupportsIndirectInputEvents = YES;
				INFOPLIST_KEY_UILaunchStoryboardName = LaunchScreen;
				INFOPLIST_KEY_UIMainStoryboardFile = Main;
				INFOPLIST_KEY_UISupportedInterfaceOrientations_iPad = "UIInterfaceOrientationPortrait UIInterfaceOrientationPortraitUpsideDown UIInterfaceOrientationLandscapeLeft UIInterfaceOrientationLandscapeRight";
				INFOPLIST_KEY_UISupportedInterfaceOrientations_iPhone = "UIInterfaceOrientationPortrait UIInterfaceOrientationLandscapeLeft UIInterfaceOrientationLandscapeRight";
				LD_RUNPATH_SEARCH_PATHS = (
					"$(inherited)",
					"@executable_path/Frameworks",
				);
				MARKETING_VERSION = 1.0;
				PRODUCT_BUNDLE_IDENTIFIER = com.route42north.SimpleShape;
				PRODUCT_NAME = "$(TARGET_NAME)";
				SWIFT_EMIT_LOC_STRINGS = YES;
				TARGETED_DEVICE_FAMILY = "1,2";
			};
			name = Release;
		};
/* End XCBuildConfiguration section */

/* Begin XCConfigurationList section */
		66695B8127A98275003F90AE /* Build configuration list for PBXProject "SimpleShape" */ = {
			isa = XCConfigurationList;
			buildConfigurations = (
				66695B9D27A98278003F90AE /* Debug */,
				66695B9E27A98278003F90AE /* Release */,
			);
			defaultConfigurationIsVisible = 0;
			defaultConfigurationName = Release;
		};
		66695B9F27A98278003F90AE /* Build configuration list for PBXNativeTarget "SimpleShape" */ = {
			isa = XCConfigurationList;
			buildConfigurations = (
				66695BA027A98278003F90AE /* Debug */,
				66695BA127A98278003F90AE /* Release */,
			);
			defaultConfigurationIsVisible = 0;
			defaultConfigurationName = Release;
		};
/* End XCConfigurationList section */
	};
	rootObject = 66695B7E27A98275003F90AE /* Project object */;
}
